Microsoft Visual Studio Solution File, Format Version 12.00
# Visual Studio Version 17
VisualStudioVersion = 17.5.2.0
MinimumVisualStudioVersion = 10.0.40219.1
Project("{2150E333-8FDC-42A3-9474-1A3956D46DE8}") = "examen1-pregunta1", "examen1-pregunta1", "{0E7517FF-5F1F-D7F1-146E-AF4D3D3B969B}"
EndProject
Project("{FAE04EC0-301F-11D3-BF4B-00C04F79EFBC}") = "src", "examen1-pregunta1\src\src.csproj", "{386A0E76-8C7D-524D-D288-BFE2088F4262}"
EndProject
Global
	GlobalSection(SolutionConfigurationPlatforms) = preSolution
		Debug|Any CPU = Debug|Any CPU
		Release|Any CPU = Release|Any CPU
	EndGlobalSection
	GlobalSection(ProjectConfigurationPlatforms) = postSolution
		{386A0E76-8C7D-524D-D288-BFE2088F4262}.Debug|Any CPU.ActiveCfg = Debug|Any CPU
		{386A0E76-8C7D-524D-D288-BFE2088F4262}.Debug|Any CPU.Build.0 = Debug|Any CPU
		{386A0E76-8C7D-524D-D288-BFE2088F4262}.Release|Any CPU.ActiveCfg = Release|Any CPU
		{386A0E76-8C7D-524D-D288-BFE2088F4262}.Release|Any CPU.Build.0 = Release|Any CPU
	EndGlobalSection
	GlobalSection(SolutionProperties) = preSolution
		HideSolutionNode = FALSE
	EndGlobalSection
	GlobalSection(NestedProjects) = preSolution
		{386A0E76-8C7D-524D-D288-BFE2088F4262} = {0E7517FF-5F1F-D7F1-146E-AF4D3D3B969B}
	EndGlobalSection
	GlobalSection(ExtensibilityGlobals) = postSolution
		SolutionGuid = {14EF1687-D3E2-4830-80D1-945A4185E35E}
	EndGlobalSection
EndGlobal
